
Microsoft Visual Studio Solution File, Format Version 12.00
# Visual Studio Version 17
VisualStudioVersion = 17.14.36109.1 d17.14
MinimumVisualStudioVersion = 10.0.40219.1
Project("{54A90642-561A-4BB1-A94E-469ADEE60C69}") = "ResidentSynthHost", "ResidentSynthHost.esproj", "{7D42A35F-5587-0F44-3E6F-EEFBA1382824}"
EndProject
Global
	GlobalSection(SolutionConfigurationPlatforms) = preSolution
		Debug|Any CPU = Debug|Any CPU
		Release|Any CPU = Release|Any CPU
	EndGlobalSection
	GlobalSection(ProjectConfigurationPlatforms) = postSolution
		{7D42A35F-5587-0F44-3E6F-EEFBA1382824}.Debug|Any CPU.ActiveCfg = Debug|Any CPU
		{7D42A35F-5587-0F44-3E6F-EEFBA1382824}.Debug|Any CPU.Build.0 = Debug|Any CPU
		{7D42A35F-5587-0F44-3E6F-EEFBA1382824}.Debug|Any CPU.Deploy.0 = Debug|Any CPU
		{7D42A35F-5587-0F44-3E6F-EEFBA1382824}.Release|Any CPU.ActiveCfg = Release|Any CPU
		{7D42A35F-5587-0F44-3E6F-EEFBA1382824}.Release|Any CPU.Build.0 = Release|Any CPU
		{7D42A35F-5587-0F44-3E6F-EEFBA1382824}.Release|Any CPU.Deploy.0 = Release|Any CPU
	EndGlobalSection
	GlobalSection(SolutionProperties) = preSolution
		HideSolutionNode = FALSE
	EndGlobalSection
	GlobalSection(ExtensibilityGlobals) = postSolution
		SolutionGuid = {BDA201E0-C115-4758-B449-C21EF1A5A4BC}
	EndGlobalSection
EndGlobal
